// !$*UTF8*$!
{
	archiveVersion = 1;
	classes = {
	};
	objectVersion = 46;
	objects = {

/* Begin PBXBuildFile section */
		8C4258591D50669600E0BC94 /* AppDelegate.swift in Sources */ = {isa = PBXBuildFile; fileRef = 8C4258581D50669600E0BC94 /* AppDelegate.swift */; };
		8C42585B1D50669600E0BC94 /* ViewController.swift in Sources */ = {isa = PBXBuildFile; fileRef = 8C42585A1D50669600E0BC94 /* ViewController.swift */; };
		8C42585E1D50669600E0BC94 /* Main.storyboard in Resources */ = {isa = PBXBuildFile; fileRef = 8C42585C1D50669600E0BC94 /* Main.storyboard */; };
		8C4258611D50669600E0BC94 /* GeoQuiz.xcdatamodeld in Sources */ = {isa = PBXBuildFile; fileRef = 8C42585F1D50669600E0BC94 /* GeoQuiz.xcdatamodeld */; };
		8C4258631D50669600E0BC94 /* Assets.xcassets in Resources */ = {isa = PBXBuildFile; fileRef = 8C4258621D50669600E0BC94 /* Assets.xcassets */; };
		8C4258661D50669600E0BC94 /* LaunchScreen.storyboard in Resources */ = {isa = PBXBuildFile; fileRef = 8C4258641D50669600E0BC94 /* LaunchScreen.storyboard */; };
		8C4258711D50669600E0BC94 /* GeoQuizTests.swift in Sources */ = {isa = PBXBuildFile; fileRef = 8C4258701D50669600E0BC94 /* GeoQuizTests.swift */; };
		8C42587C1D50669600E0BC94 /* GeoQuizUITests.swift in Sources */ = {isa = PBXBuildFile; fileRef = 8C42587B1D50669600E0BC94 /* GeoQuizUITests.swift */; };
/* End PBXBuildFile section */

/* Begin PBXContainerItemProxy section */
		8C42586D1D50669600E0BC94 /* PBXContainerItemProxy */ = {
			isa = PBXContainerItemProxy;
			containerPortal = 8C42584D1D50669600E0BC94 /* Project object */;
			proxyType = 1;
			remoteGlobalIDString = 8C4258541D50669600E0BC94;
			remoteInfo = GeoQuiz;
		};
		8C4258781D50669600E0BC94 /* PBXContainerItemProxy */ = {
			isa = PBXContainerItemProxy;
			containerPortal = 8C42584D1D50669600E0BC94 /* Project object */;
			proxyType = 1;
			remoteGlobalIDString = 8C4258541D50669600E0BC94;
			remoteInfo = GeoQuiz;
		};
/* End PBXContainerItemProxy section */

/* Begin PBXFileReference section */
		8C4258551D50669600E0BC94 /* GeoQuiz.app */ = {isa = PBXFileReference; explicitFileType = wrapper.application; includeInIndex = 0; path = GeoQuiz.app; sourceTree = BUILT_PRODUCTS_DIR; };
		8C4258581D50669600E0BC94 /* AppDelegate.swift */ = {isa = PBXFileReference; lastKnownFileType = sourcecode.swift; path = AppDelegate.swift; sourceTree = "<group>"; };
		8C42585A1D50669600E0BC94 /* ViewController.swift */ = {isa = PBXFileReference; lastKnownFileType = sourcecode.swift; path = ViewController.swift; sourceTree = "<group>"; };
		8C42585D1D50669600E0BC94 /* Base */ = {isa = PBXFileReference; lastKnownFileType = file.storyboard; name = Base; path = Base.lproj/Main.storyboard; sourceTree = "<group>"; };
		8C4258601D50669600E0BC94 /* GeoQuiz.xcdatamodel */ = {isa = PBXFileReference; lastKnownFileType = wrapper.xcdatamodel; path = GeoQuiz.xcdatamodel; sourceTree = "<group>"; };
		8C4258621D50669600E0BC94 /* Assets.xcassets */ = {isa = PBXFileReference; lastKnownFileType = folder.assetcatalog; path = Assets.xcassets; sourceTree = "<group>"; };
		8C4258651D50669600E0BC94 /* Base */ = {isa = PBXFileReference; lastKnownFileType = file.storyboard; name = Base; path = Base.lproj/LaunchScreen.storyboard; sourceTree = "<group>"; };
		8C4258671D50669600E0BC94 /* Info.plist */ = {isa = PBXFileReference; lastKnownFileType = text.plist.xml; path = Info.plist; sourceTree = "<group>"; };
		8C42586C1D50669600E0BC94 /* GeoQuizTests.xctest */ = {isa = PBXFileReference; explicitFileType = wrapper.cfbundle; includeInIndex = 0; path = GeoQuizTests.xctest; sourceTree = BUILT_PRODUCTS_DIR; };
		8C4258701D50669600E0BC94 /* GeoQuizTests.swift */ = {isa = PBXFileReference; lastKnownFileType = sourcecode.swift; path = GeoQuizTests.swift; sourceTree = "<group>"; };
		8C4258721D50669600E0BC94 /* Info.plist */ = {isa = PBXFileReference; lastKnownFileType = text.plist.xml; path = Info.plist; sourceTree = "<group>"; };
		8C4258771D50669600E0BC94 /* GeoQuizUITests.xctest */ = {isa = PBXFileReference; explicitFileType = wrapper.cfbundle; includeInIndex = 0; path = GeoQuizUITests.xctest; sourceTree = BUILT_PRODUCTS_DIR; };
		8C42587B1D50669600E0BC94 /* GeoQuizUITests.swift */ = {isa = PBXFileReference; lastKnownFileType = sourcecode.swift; path = GeoQuizUITests.swift; sourceTree = "<group>"; };
		8C42587D1D50669600E0BC94 /* Info.plist */ = {isa = PBXFileReference; lastKnownFileType = text.plist.xml; path = Info.plist; sourceTree = "<group>"; };
/* End PBXFileReference section */

/* Begin PBXFrameworksBuildPhase section */
		8C4258521D50669600E0BC94 /* Frameworks */ = {
			isa = PBXFrameworksBuildPhase;
			buildActionMask = 2147483647;
			files = (
			);
			runOnlyForDeploymentPostprocessing = 0;
		};
		8C4258691D50669600E0BC94 /* Frameworks */ = {
			isa = PBXFrameworksBuildPhase;
			buildActionMask = 2147483647;
			files = (
			);
			runOnlyForDeploymentPostprocessing = 0;
		};
		8C4258741D50669600E0BC94 /* Frameworks */ = {
			isa = PBXFrameworksBuildPhase;
			buildActionMask = 2147483647;
			files = (
			);
			runOnlyForDeploymentPostprocessing = 0;
		};
/* End PBXFrameworksBuildPhase section */

/* Begin PBXGroup section */
		8C42584C1D50669600E0BC94 = {
			isa = PBXGroup;
			children = (
				8C4258571D50669600E0BC94 /* GeoQuiz */,
				8C42586F1D50669600E0BC94 /* GeoQuizTests */,
				8C42587A1D50669600E0BC94 /* GeoQuizUITests */,
				8C4258561D50669600E0BC94 /* Products */,
			);
			sourceTree = "<group>";
		};
		8C4258561D50669600E0BC94 /* Products */ = {
			isa = PBXGroup;
			children = (
				8C4258551D50669600E0BC94 /* GeoQuiz.app */,
				8C42586C1D50669600E0BC94 /* GeoQuizTests.xctest */,
				8C4258771D50669600E0BC94 /* GeoQuizUITests.xctest */,
			);
			name = Products;
			sourceTree = "<group>";
		};
		8C4258571D50669600E0BC94 /* GeoQuiz */ = {
			isa = PBXGroup;
			children = (
				8C4258581D50669600E0BC94 /* AppDelegate.swift */,
				8C42585A1D50669600E0BC94 /* ViewController.swift */,
				8C42585C1D50669600E0BC94 /* Main.storyboard */,
				8C4258621D50669600E0BC94 /* Assets.xcassets */,
				8C4258641D50669600E0BC94 /* LaunchScreen.storyboard */,
				8C4258671D50669600E0BC94 /* Info.plist */,
				8C42585F1D50669600E0BC94 /* GeoQuiz.xcdatamodeld */,
			);
			path = GeoQuiz;
			sourceTree = "<group>";
		};
		8C42586F1D50669600E0BC94 /* GeoQuizTests */ = {
			isa = PBXGroup;
			children = (
				8C4258701D50669600E0BC94 /* GeoQuizTests.swift */,
				8C4258721D50669600E0BC94 /* Info.plist */,
			);
			path = GeoQuizTests;
			sourceTree = "<group>";
		};
		8C42587A1D50669600E0BC94 /* GeoQuizUITests */ = {
			isa = PBXGroup;
			children = (
				8C42587B1D50669600E0BC94 /* GeoQuizUITests.swift */,
				8C42587D1D50669600E0BC94 /* Info.plist */,
			);
			path = GeoQuizUITests;
			sourceTree = "<group>";
		};
/* End PBXGroup section */

/* Begin PBXNativeTarget section */
		8C4258541D50669600E0BC94 /* GeoQuiz */ = {
			isa = PBXNativeTarget;
			buildConfigurationList = 8C4258801D50669600E0BC94 /* Build configuration list for PBXNativeTarget "GeoQuiz" */;
			buildPhases = (
				8C4258511D50669600E0BC94 /* Sources */,
				8C4258521D50669600E0BC94 /* Frameworks */,
				8C4258531D50669600E0BC94 /* Resources */,
			);
			buildRules = (
			);
			dependencies = (
			);
			name = GeoQuiz;
			productName = GeoQuiz;
			productReference = 8C4258551D50669600E0BC94 /* GeoQuiz.app */;
			productType = "com.apple.product-type.application";
		};
		8C42586B1D50669600E0BC94 /* GeoQuizTests */ = {
			isa = PBXNativeTarget;
			buildConfigurationList = 8C4258831D50669600E0BC94 /* Build configuration list for PBXNativeTarget "GeoQuizTests" */;
			buildPhases = (
				8C4258681D50669600E0BC94 /* Sources */,
				8C4258691D50669600E0BC94 /* Frameworks */,
				8C42586A1D50669600E0BC94 /* Resources */,
			);
			buildRules = (
			);
			dependencies = (
				8C42586E1D50669600E0BC94 /* PBXTargetDependency */,
			);
			name = GeoQuizTests;
			productName = GeoQuizTests;
			productReference = 8C42586C1D50669600E0BC94 /* GeoQuizTests.xctest */;
			productType = "com.apple.product-type.bundle.unit-test";
		};
		8C4258761D50669600E0BC94 /* GeoQuizUITests */ = {
			isa = PBXNativeTarget;
			buildConfigurationList = 8C4258861D50669600E0BC94 /* Build configuration list for PBXNativeTarget "GeoQuizUITests" */;
			buildPhases = (
				8C4258731D50669600E0BC94 /* Sources */,
				8C4258741D50669600E0BC94 /* Frameworks */,
				8C4258751D50669600E0BC94 /* Resources */,
			);
			buildRules = (
			);
			dependencies = (
				8C4258791D50669600E0BC94 /* PBXTargetDependency */,
			);
			name = GeoQuizUITests;
			productName = GeoQuizUITests;
			productReference = 8C4258771D50669600E0BC94 /* GeoQuizUITests.xctest */;
			productType = "com.apple.product-type.bundle.ui-testing";
		};
/* End PBXNativeTarget section */

/* Begin PBXProject section */
		8C42584D1D50669600E0BC94 /* Project object */ = {
			isa = PBXProject;
			attributes = {
				LastSwiftUpdateCheck = 0730;
				LastUpgradeCheck = 0730;
				ORGANIZATIONNAME = AllenBuiler;
				TargetAttributes = {
					8C4258541D50669600E0BC94 = {
						CreatedOnToolsVersion = 7.3.1;
					};
					8C42586B1D50669600E0BC94 = {
						CreatedOnToolsVersion = 7.3.1;
						TestTargetID = 8C4258541D50669600E0BC94;
					};
					8C4258761D50669600E0BC94 = {
						CreatedOnToolsVersion = 7.3.1;
						TestTargetID = 8C4258541D50669600E0BC94;
					};
				};
			};
			buildConfigurationList = 8C4258501D50669600E0BC94 /* Build configuration list for PBXProject "GeoQuiz" */;
			compatibilityVersion = "Xcode 3.2";
			developmentRegion = English;
			hasScannedForEncodings = 0;
			knownRegions = (
				en,
				Base,
			);
			mainGroup = 8C42584C1D50669600E0BC94;
			productRefGroup = 8C4258561D50669600E0BC94 /* Products */;
			projectDirPath = "";
			projectRoot = "";
			targets = (
				8C4258541D50669600E0BC94 /* GeoQuiz */,
				8C42586B1D50669600E0BC94 /* GeoQuizTests */,
				8C4258761D50669600E0BC94 /* GeoQuizUITests */,
			);
		};
/* End PBXProject section */

/* Begin PBXResourcesBuildPhase section */
		8C4258531D50669600E0BC94 /* Resources */ = {
			isa = PBXResourcesBuildPhase;
			buildActionMask = 2147483647;
			files = (
				8C4258661D50669600E0BC94 /* LaunchScreen.storyboard in Resources */,
				8C4258631D50669600E0BC94 /* Assets.xcassets in Resources */,
				8C42585E1D50669600E0BC94 /* Main.storyboard in Resources */,
			);
			runOnlyForDeploymentPostprocessing = 0;
		};
		8C42586A1D50669600E0BC94 /* Resources */ = {
			isa = PBXResourcesBuildPhase;
			buildActionMask = 2147483647;
			files = (
			);
			runOnlyForDeploymentPostprocessing = 0;
		};
		8C4258751D50669600E0BC94 /* Resources */ = {
			isa = PBXResourcesBuildPhase;
			buildActionMask = 2147483647;
			files = (
			);
			runOnlyForDeploymentPostprocessing = 0;
		};
/* End PBXResourcesBuildPhase section */

/* Begin PBXSourcesBuildPhase section */
		8C4258511D50669600E0BC94 /* Sources */ = {
			isa = PBXSourcesBuildPhase;
			buildActionMask = 2147483647;
			files = (
				8C42585B1D50669600E0BC94 /* ViewController.swift in Sources */,
				8C4258611D50669600E0BC94 /* GeoQuiz.xcdatamodeld in Sources */,
				8C4258591D50669600E0BC94 /* AppDelegate.swift in Sources */,
			);
			runOnlyForDeploymentPostprocessing = 0;
		};
		8C4258681D50669600E0BC94 /* Sources */ = {
			isa = PBXSourcesBuildPhase;
			buildActionMask = 2147483647;
			files = (
				8C4258711D50669600E0BC94 /* GeoQuizTests.swift in Sources */,
			);
			runOnlyForDeploymentPostprocessing = 0;
		};
		8C4258731D50669600E0BC94 /* Sources */ = {
			isa = PBXSourcesBuildPhase;
			buildActionMask = 2147483647;
			files = (
				8C42587C1D50669600E0BC94 /* GeoQuizUITests.swift in Sources */,
			);
			runOnlyForDeploymentPostprocessing = 0;
		};
/* End PBXSourcesBuildPhase section */

/* Begin PBXTargetDependency section */
		8C42586E1D50669600E0BC94 /* PBXTargetDependency */ = {
			isa = PBXTargetDependency;
			target = 8C4258541D50669600E0BC94 /* GeoQuiz */;
			targetProxy = 8C42586D1D50669600E0BC94 /* PBXContainerItemProxy */;
		};
		8C4258791D50669600E0BC94 /* PBXTargetDependency */ = {
			isa = PBXTargetDependency;
			target = 8C4258541D50669600E0BC94 /* GeoQuiz */;
			targetProxy = 8C4258781D50669600E0BC94 /* PBXContainerItemProxy */;
		};
/* End PBXTargetDependency section */

/* Begin PBXVariantGroup section */
		8C42585C1D50669600E0BC94 /* Main.storyboard */ = {
			isa = PBXVariantGroup;
			children = (
				8C42585D1D50669600E0BC94 /* Base */,
			);
			name = Main.storyboard;
			sourceTree = "<group>";
		};
		8C4258641D50669600E0BC94 /* LaunchScreen.storyboard */ = {
			isa = PBXVariantGroup;
			children = (
				8C4258651D50669600E0BC94 /* Base */,
			);
			name = LaunchScreen.storyboard;
			sourceTree = "<group>";
		};
/* End PBXVariantGroup section */

/* Begin XCBuildConfiguration section */
		8C42587E1D50669600E0BC94 /* Debug */ = {
			isa = XCBuildConfiguration;
			buildSettings = {
				ALWAYS_SEARCH_USER_PATHS = NO;
				CLANG_ANALYZER_NONNULL = YES;
				CLANG_CXX_LANGUAGE_STANDARD = "gnu++0x";
				CLANG_CXX_LIBRARY = "libc++";
				CLANG_ENABLE_MODULES = YES;
				CLANG_ENABLE_OBJC_ARC = YES;
				CLANG_WARN_BOOL_CONVERSION = YES;
				CLANG_WARN_CONSTANT_CONVERSION = YES;
				CLANG_WARN_DIRECT_OBJC_ISA_USAGE = YES_ERROR;
				CLANG_WARN_EMPTY_BODY = YES;
				CLANG_WARN_ENUM_CONVERSION = YES;
				CLANG_WARN_INT_CONVERSION = YES;
				CLANG_WARN_OBJC_ROOT_CLASS = YES_ERROR;
				CLANG_WARN_UNREACHABLE_CODE = YES;
				CLANG_WARN__DUPLICATE_METHOD_MATCH = YES;
				"CODE_SIGN_IDENTITY[sdk=iphoneos*]" = "iPhone Developer";
				COPY_PHASE_STRIP = NO;
				DEBUG_INFORMATION_FORMAT = dwarf;
				ENABLE_STRICT_OBJC_MSGSEND = YES;
				ENABLE_TESTABILITY = YES;
				GCC_C_LANGUAGE_STANDARD = gnu99;
				GCC_DYNAMIC_NO_PIC = NO;
				GCC_NO_COMMON_BLOCKS = YES;
				GCC_OPTIMIZATION_LEVEL = 0;
				GCC_PREPROCESSOR_DEFINITIONS = (
					"DEBUG=1",
					"$(inherited)",
				);
				GCC_WARN_64_TO_32_BIT_CONVERSION = YES;
				GCC_WARN_ABOUT_RETURN_TYPE = YES_ERROR;
				GCC_WARN_UNDECLARED_SELECTOR = YES;
				GCC_WARN_UNINITIALIZED_AUTOS = YES_AGGRESSIVE;
				GCC_WARN_UNUSED_FUNCTION = YES;
				GCC_WARN_UNUSED_VARIABLE = YES;
				IPHONEOS_DEPLOYMENT_TARGET = 9.3;
				MTL_ENABLE_DEBUG_INFO = YES;
				ONLY_ACTIVE_ARCH = YES;
				SDKROOT = iphoneos;
				SWIFT_OPTIMIZATION_LEVEL = "-Onone";
			};
			name = Debug;
		};
		8C42587F1D50669600E0BC94 /* Release */ = {
			isa = XCBuildConfiguration;
			buildSettings = {
				ALWAYS_SEARCH_USER_PATHS = NO;
				CLANG_ANALYZER_NONNULL = YES;
				CLANG_CXX_LANGUAGE_STANDARD = "gnu++0x";
				CLANG_CXX_LIBRARY = "libc++";
				CLANG_ENABLE_MODULES = YES;
				CLANG_ENABLE_OBJC_ARC = YES;
				CLANG_WARN_BOOL_CONVERSION = YES;
				CLANG_WARN_CONSTANT_CONVERSION = YES;
				CLANG_WARN_DIRECT_OBJC_ISA_USAGE = YES_ERROR;
				CLANG_WARN_EMPTY_BODY = YES;
				CLANG_WARN_ENUM_CONVERSION = YES;
				CLANG_WARN_INT_CONVERSION = YES;
				CLANG_WARN_OBJC_ROOT_CLASS = YES_ERROR;
				CLANG_WARN_UNREACHABLE_CODE = YES;
				CLANG_WARN__DUPLICATE_METHOD_MATCH = YES;
				"CODE_SIGN_IDENTITY[sdk=iphoneos*]" = "iPhone Developer";
				COPY_PHASE_STRIP = NO;
				DEBUG_INFORMATION_FORMAT = "dwarf-with-dsym";
				ENABLE_NS_ASSERTIONS = NO;
				ENABLE_STRICT_OBJC_MSGSEND = YES;
				GCC_C_LANGUAGE_STANDARD = gnu99;
				GCC_NO_COMMON_BLOCKS = YES;
				GCC_WARN_64_TO_32_BIT_CONVERSION = YES;
				GCC_WARN_ABOUT_RETURN_TYPE = YES_ERROR;
				GCC_WARN_UNDECLARED_SELECTOR = YES;
				GCC_WARN_UNINITIALIZED_AUTOS = YES_AGGRESSIVE;
				GCC_WARN_UNUSED_FUNCTION = YES;
				GCC_WARN_UNUSED_VARIABLE = YES;
				IPHONEOS_DEPLOYMENT_TARGET = 9.3;
				MTL_ENABLE_DEBUG_INFO = NO;
				SDKROOT = iphoneos;
				VALIDATE_PRODUCT = YES;
			};
			name = Release;
		};
		8C4258811D50669600E0BC94 /* Debug */ = {
			isa = XCBuildConfiguration;
			buildSettings = {
				ASSETCATALOG_COMPILER_APPICON_NAME = AppIcon;
				INFOPLIST_FILE = GeoQuiz/Info.plist;
				LD_RUNPATH_SEARCH_PATHS = "$(inherited) @executable_path/Frameworks";
				PRODUCT_BUNDLE_IDENTIFIER = com.AllenBuiler.GeoQuiz;
				PRODUCT_NAME = "$(TARGET_NAME)";
			};
			name = Debug;
		};
		8C4258821D50669600E0BC94 /* Release */ = {
			isa = XCBuildConfiguration;
			buildSettings = {
				ASSETCATALOG_COMPILER_APPICON_NAME = AppIcon;
				INFOPLIST_FILE = GeoQuiz/Info.plist;
				LD_RUNPATH_SEARCH_PATHS = "$(inherited) @executable_path/Frameworks";
				PRODUCT_BUNDLE_IDENTIFIER = com.AllenBuiler.GeoQuiz;
				PRODUCT_NAME = "$(TARGET_NAME)";
			};
			name = Release;
		};
		8C4258841D50669600E0BC94 /* Debug */ = {
			isa = XCBuildConfiguration;
			buildSettings = {
				BUNDLE_LOADER = "$(TEST_HOST)";
				INFOPLIST_FILE = GeoQuizTests/Info.plist;
				LD_RUNPATH_SEARCH_PATHS = "$(inherited) @executable_path/Frameworks @loader_path/Frameworks";
				PRODUCT_BUNDLE_IDENTIFIER = com.AllenBuiler.GeoQuizTests;
				PRODUCT_NAME = "$(TARGET_NAME)";
				TEST_HOST = "$(BUILT_PRODUCTS_DIR)/GeoQuiz.app/GeoQuiz";
			};
			name = Debug;
		};
		8C4258851D50669600E0BC94 /* Release */ = {
			isa = XCBuildConfiguration;
			buildSettings = {
				BUNDLE_LOADER = "$(TEST_HOST)";
				INFOPLIST_FILE = GeoQuizTests/Info.plist;
				LD_RUNPATH_SEARCH_PATHS = "$(inherited) @executable_path/Frameworks @loader_path/Frameworks";
				PRODUCT_BUNDLE_IDENTIFIER = com.AllenBuiler.GeoQuizTests;
				PRODUCT_NAME = "$(TARGET_NAME)";
				TEST_HOST = "$(BUILT_PRODUCTS_DIR)/GeoQuiz.app/GeoQuiz";
			};
			name = Release;
		};
		8C4258871D50669600E0BC94 /* Debug */ = {
			isa = XCBuildConfiguration;
			buildSettings = {
				INFOPLIST_FILE = GeoQuizUITests/Info.plist;
				LD_RUNPATH_SEARCH_PATHS = "$(inherited) @executable_path/Frameworks @loader_path/Frameworks";
				PRODUCT_BUNDLE_IDENTIFIER = com.AllenBuiler.GeoQuizUITests;
				PRODUCT_NAME = "$(TARGET_NAME)";
				TEST_TARGET_NAME = GeoQuiz;
			};
			name = Debug;
		};
		8C4258881D50669600E0BC94 /* Release */ = {
			isa = XCBuildConfiguration;
			buildSettings = {
				INFOPLIST_FILE = GeoQuizUITests/Info.plist;
				LD_RUNPATH_SEARCH_PATHS = "$(inherited) @executable_path/Frameworks @loader_path/Frameworks";
				PRODUCT_BUNDLE_IDENTIFIER = com.AllenBuiler.GeoQuizUITests;
				PRODUCT_NAME = "$(TARGET_NAME)";
				TEST_TARGET_NAME = GeoQuiz;
			};
			name = Release;
		};
/* End XCBuildConfiguration section */

/* Begin XCConfigurationList section */
		8C4258501D50669600E0BC94 /* Build configuration list for PBXProject "GeoQuiz" */ = {
			isa = XCConfigurationList;
			buildConfigurations = (
				8C42587E1D50669600E0BC94 /* Debug */,
				8C42587F1D50669600E0BC94 /* Release */,
			);
			defaultConfigurationIsVisible = 0;
			defaultConfigurationName = Release;
		};
		8C4258801D50669600E0BC94 /* Build configuration list for PBXNativeTarget "GeoQuiz" */ = {
			isa = XCConfigurationList;
			buildConfigurations = (
				8C4258811D50669600E0BC94 /* Debug */,
				8C4258821D50669600E0BC94 /* Release */,
			);
			defaultConfigurationIsVisible = 0;
		};
		8C4258831D50669600E0BC94 /* Build configuration list for PBXNativeTarget "GeoQuizTests" */ = {
			isa = XCConfigurationList;
			buildConfigurations = (
				8C4258841D50669600E0BC94 /* Debug */,
				8C4258851D50669600E0BC94 /* Release */,
			);
			defaultConfigurationIsVisible = 0;
		};
		8C4258861D50669600E0BC94 /* Build configuration list for PBXNativeTarget "GeoQuizUITests" */ = {
			isa = XCConfigurationList;
			buildConfigurations = (
				8C4258871D50669600E0BC94 /* Debug */,
				8C4258881D50669600E0BC94 /* Release */,
			);
			defaultConfigurationIsVisible = 0;
		};
/* End XCConfigurationList section */

/* Begin XCVersionGroup section */
		8C42585F1D50669600E0BC94 /* GeoQuiz.xcdatamodeld */ = {
			isa = XCVersionGroup;
			children = (
				8C4258601D50669600E0BC94 /* GeoQuiz.xcdatamodel */,
			);
			currentVersion = 8C4258601D50669600E0BC94 /* GeoQuiz.xcdatamodel */;
			path = GeoQuiz.xcdatamodeld;
			sourceTree = "<group>";
			versionGroupType = wrapper.xcdatamodel;
		};
/* End XCVersionGroup section */
	};
	rootObject = 8C42584D1D50669600E0BC94 /* Project object */;
}
